// !$*UTF8*$!
{
	archiveVersion = 1;
	classes = {
	};
	objectVersion = 46;
	objects = {

/* Begin PBXBuildFile section */
		F305861B16FBFB82003A79D7 /* ProyectoCompi.1 in CopyFiles */ = {isa = PBXBuildFile; fileRef = F305861A16FBFB82003A79D7 /* ProyectoCompi.1 */; };
		F305862916FBFBCC003A79D7 /* lex.c in Sources */ = {isa = PBXBuildFile; fileRef = F305862216FBFBCC003A79D7 /* lex.c */; };
		F305862A16FBFBCC003A79D7 /* Makefile in Sources */ = {isa = PBXBuildFile; fileRef = F305862316FBFBCC003A79D7 /* Makefile */; };
		F305862B16FBFBCC003A79D7 /* quack.tab.c in Sources */ = {isa = PBXBuildFile; fileRef = F305862416FBFBCC003A79D7 /* quack.tab.c */; };
		F305862C16FBFBCC003A79D7 /* sintax.y in Sources */ = {isa = PBXBuildFile; fileRef = F305862616FBFBCC003A79D7 /* sintax.y */; };
		F305862D16FBFBCC003A79D7 /* tokens.l in Sources */ = {isa = PBXBuildFile; fileRef = F305862716FBFBCC003A79D7 /* tokens.l */; };
/* End PBXBuildFile section */

/* Begin PBXCopyFilesBuildPhase section */
		F305861216FBFB82003A79D7 /* CopyFiles */ = {
			isa = PBXCopyFilesBuildPhase;
			buildActionMask = 2147483647;
			dstPath = /usr/share/man/man1/;
			dstSubfolderSpec = 0;
			files = (
				F305861B16FBFB82003A79D7 /* ProyectoCompi.1 in CopyFiles */,
			);
			runOnlyForDeploymentPostprocessing = 1;
		};
/* End PBXCopyFilesBuildPhase section */

/* Begin PBXFileReference section */
		F305861416FBFB82003A79D7 /* ProyectoCompi */ = {isa = PBXFileReference; explicitFileType = "compiled.mach-o.executable"; includeInIndex = 0; path = ProyectoCompi; sourceTree = BUILT_PRODUCTS_DIR; };
		F305861A16FBFB82003A79D7 /* ProyectoCompi.1 */ = {isa = PBXFileReference; lastKnownFileType = text.man; path = ProyectoCompi.1; sourceTree = "<group>"; };
		F305862116FBFBCC003A79D7 /* input.quack */ = {isa = PBXFileReference; fileEncoding = 4; lastKnownFileType = text; path = input.quack; sourceTree = "<group>"; };
		F305862216FBFBCC003A79D7 /* lex.c */ = {isa = PBXFileReference; fileEncoding = 4; lastKnownFileType = sourcecode.c.c; path = lex.c; sourceTree = "<group>"; };
		F305862316FBFBCC003A79D7 /* Makefile */ = {isa = PBXFileReference; fileEncoding = 4; lastKnownFileType = sourcecode.make; path = Makefile; sourceTree = "<group>"; };
		F305862416FBFBCC003A79D7 /* quack.tab.c */ = {isa = PBXFileReference; fileEncoding = 4; lastKnownFileType = sourcecode.c.c; path = quack.tab.c; sourceTree = "<group>"; };
		F305862516FBFBCC003A79D7 /* quack.tab.h */ = {isa = PBXFileReference; fileEncoding = 4; lastKnownFileType = sourcecode.c.h; path = quack.tab.h; sourceTree = "<group>"; };
		F305862616FBFBCC003A79D7 /* sintax.y */ = {isa = PBXFileReference; fileEncoding = 4; lastKnownFileType = sourcecode.yacc; path = sintax.y; sourceTree = "<group>"; };
		F305862716FBFBCC003A79D7 /* tokens.l */ = {isa = PBXFileReference; fileEncoding = 4; lastKnownFileType = sourcecode.lex; path = tokens.l; sourceTree = "<group>"; };
		F305862816FBFBCC003A79D7 /* utilities */ = {isa = PBXFileReference; lastKnownFileType = folder; path = utilities; sourceTree = "<group>"; };
/* End PBXFileReference section */

/* Begin PBXFrameworksBuildPhase section */
		F305861116FBFB82003A79D7 /* Frameworks */ = {
			isa = PBXFrameworksBuildPhase;
			buildActionMask = 2147483647;
			files = (
			);
			runOnlyForDeploymentPostprocessing = 0;
		};
/* End PBXFrameworksBuildPhase section */

/* Begin PBXGroup section */
		F305860916FBFB82003A79D7 = {
			isa = PBXGroup;
			children = (
				F305861716FBFB82003A79D7 /* ProyectoCompi */,
				F305861516FBFB82003A79D7 /* Products */,
			);
			sourceTree = "<group>";
			usesTabs = 0;
		};
		F305861516FBFB82003A79D7 /* Products */ = {
			isa = PBXGroup;
			children = (
				F305861416FBFB82003A79D7 /* ProyectoCompi */,
			);
			name = Products;
			sourceTree = "<group>";
		};
		F305861716FBFB82003A79D7 /* ProyectoCompi */ = {
			isa = PBXGroup;
			children = (
				F305862116FBFBCC003A79D7 /* input.quack */,
				F305862216FBFBCC003A79D7 /* lex.c */,
				F305862316FBFBCC003A79D7 /* Makefile */,
				F305862416FBFBCC003A79D7 /* quack.tab.c */,
				F305862516FBFBCC003A79D7 /* quack.tab.h */,
				F305862616FBFBCC003A79D7 /* sintax.y */,
				F305862716FBFBCC003A79D7 /* tokens.l */,
				F305862816FBFBCC003A79D7 /* utilities */,
				F305861A16FBFB82003A79D7 /* ProyectoCompi.1 */,
			);
			path = ProyectoCompi;
			sourceTree = "<group>";
		};
/* End PBXGroup section */

/* Begin PBXNativeTarget section */
		F305861316FBFB82003A79D7 /* ProyectoCompi */ = {
			isa = PBXNativeTarget;
			buildConfigurationList = F305861E16FBFB82003A79D7 /* Build configuration list for PBXNativeTarget "ProyectoCompi" */;
			buildPhases = (
				F305861016FBFB82003A79D7 /* Sources */,
				F305861116FBFB82003A79D7 /* Frameworks */,
				F305861216FBFB82003A79D7 /* CopyFiles */,
			);
			buildRules = (
			);
			dependencies = (
			);
			name = ProyectoCompi;
			productName = ProyectoCompi;
			productReference = F305861416FBFB82003A79D7 /* ProyectoCompi */;
			productType = "com.apple.product-type.tool";
		};
/* End PBXNativeTarget section */

/* Begin PBXProject section */
		F305860B16FBFB82003A79D7 /* Project object */ = {
			isa = PBXProject;
			attributes = {
				LastUpgradeCheck = 0450;
				ORGANIZATIONNAME = "David Tovar Goris";
			};
			buildConfigurationList = F305860E16FBFB82003A79D7 /* Build configuration list for PBXProject "ProyectoCompi" */;
			compatibilityVersion = "Xcode 3.2";
			developmentRegion = English;
			hasScannedForEncodings = 0;
			knownRegions = (
				en,
			);
			mainGroup = F305860916FBFB82003A79D7;
			productRefGroup = F305861516FBFB82003A79D7 /* Products */;
			projectDirPath = "";
			projectRoot = "";
			targets = (
				F305861316FBFB82003A79D7 /* ProyectoCompi */,
			);
		};
/* End PBXProject section */

/* Begin PBXSourcesBuildPhase section */
		F305861016FBFB82003A79D7 /* Sources */ = {
			isa = PBXSourcesBuildPhase;
			buildActionMask = 2147483647;
			files = (
				F305862916FBFBCC003A79D7 /* lex.c in Sources */,
				F305862A16FBFBCC003A79D7 /* Makefile in Sources */,
				F305862B16FBFBCC003A79D7 /* quack.tab.c in Sources */,
				F305862C16FBFBCC003A79D7 /* sintax.y in Sources */,
				F305862D16FBFBCC003A79D7 /* tokens.l in Sources */,
			);
			runOnlyForDeploymentPostprocessing = 0;
		};
/* End PBXSourcesBuildPhase section */

/* Begin XCBuildConfiguration section */
		F305861C16FBFB82003A79D7 /* Debug */ = {
			isa = XCBuildConfiguration;
			buildSettings = {
				ALWAYS_SEARCH_USER_PATHS = YES;
				ARCHS = "$(ARCHS_STANDARD_64_BIT)";
				CLANG_CXX_LANGUAGE_STANDARD = "gnu++0x";
				CLANG_CXX_LIBRARY = "libstdc++";
				CLANG_ENABLE_OBJC_ARC = YES;
				CLANG_WARN_EMPTY_BODY = YES;
				CLANG_WARN__DUPLICATE_METHOD_MATCH = YES;
				CODE_SIGN_ENTITLEMENTS = "";
				CODE_SIGN_IDENTITY = "";
				COPY_PHASE_STRIP = NO;
				DEBUG_INFORMATION_FORMAT = "dwarf-with-dsym";
				GCC_C_LANGUAGE_STANDARD = gnu99;
				GCC_DYNAMIC_NO_PIC = NO;
				GCC_ENABLE_OBJC_EXCEPTIONS = YES;
				GCC_OPTIMIZATION_LEVEL = 0;
				GCC_PREPROCESSOR_DEFINITIONS = (
					"DEBUG=1",
					"$(inherited)",
				);
				GCC_SYMBOLS_PRIVATE_EXTERN = NO;
				GCC_WARN_64_TO_32_BIT_CONVERSION = YES;
				GCC_WARN_ABOUT_RETURN_TYPE = YES;
				GCC_WARN_UNINITIALIZED_AUTOS = YES;
				GCC_WARN_UNUSED_VARIABLE = YES;
				MACOSX_DEPLOYMENT_TARGET = 10.7;
				ONLY_ACTIVE_ARCH = YES;
				SDKROOT = "";
			};
			name = Debug;
		};
		F305861D16FBFB82003A79D7 /* Release */ = {
			isa = XCBuildConfiguration;
			buildSettings = {
				ALWAYS_SEARCH_USER_PATHS = YES;
				ARCHS = "$(ARCHS_STANDARD_64_BIT)";
				CLANG_CXX_LANGUAGE_STANDARD = "gnu++0x";
				CLANG_CXX_LIBRARY = "libstdc++";
				CLANG_ENABLE_OBJC_ARC = YES;
				CLANG_WARN_EMPTY_BODY = YES;
				CLANG_WARN__DUPLICATE_METHOD_MATCH = YES;
				CODE_SIGN_ENTITLEMENTS = "";
				CODE_SIGN_IDENTITY = "";
				COPY_PHASE_STRIP = YES;
				DEBUG_INFORMATION_FORMAT = "dwarf-with-dsym";
				GCC_C_LANGUAGE_STANDARD = gnu99;
				GCC_ENABLE_OBJC_EXCEPTIONS = YES;
				GCC_WARN_64_TO_32_BIT_CONVERSION = YES;
				GCC_WARN_ABOUT_RETURN_TYPE = YES;
				GCC_WARN_UNINITIALIZED_AUTOS = YES;
				GCC_WARN_UNUSED_VARIABLE = YES;
				MACOSX_DEPLOYMENT_TARGET = 10.7;
				SDKROOT = "";
			};
			name = Release;
		};
		F305861F16FBFB82003A79D7 /* Debug */ = {
			isa = XCBuildConfiguration;
			buildSettings = {
				GCC_VERSION = com.apple.compilers.llvm.clang.1_0;
				INSTALL_PATH = /Users/Tuye/Documents/8voSemestre/Compiladores/proyecto/ProyectoCompi/;
				PRODUCT_NAME = "$(TARGET_NAME)";
			};
			name = Debug;
		};
		F305862016FBFB82003A79D7 /* Release */ = {
			isa = XCBuildConfiguration;
			buildSettings = {
				GCC_VERSION = com.apple.compilers.llvm.clang.1_0;
				INSTALL_PATH = /Users/Tuye/Documents/8voSemestre/Compiladores/proyecto/ProyectoCompi/;
				PRODUCT_NAME = "$(TARGET_NAME)";
			};
			name = Release;
		};
/* End XCBuildConfiguration section */

/* Begin XCConfigurationList section */
		F305860E16FBFB82003A79D7 /* Build configuration list for PBXProject "ProyectoCompi" */ = {
			isa = XCConfigurationList;
			buildConfigurations = (
				F305861C16FBFB82003A79D7 /* Debug */,
				F305861D16FBFB82003A79D7 /* Release */,
			);
			defaultConfigurationIsVisible = 0;
			defaultConfigurationName = Release;
		};
		F305861E16FBFB82003A79D7 /* Build configuration list for PBXNativeTarget "ProyectoCompi" */ = {
			isa = XCConfigurationList;
			buildConfigurations = (
				F305861F16FBFB82003A79D7 /* Debug */,
				F305862016FBFB82003A79D7 /* Release */,
			);
			defaultConfigurationIsVisible = 0;
		};
/* End XCConfigurationList section */
	};
	rootObject = F305860B16FBFB82003A79D7 /* Project object */;
}
